
Microsoft Visual Studio Solution File, Format Version 12.00
# Visual Studio Version 17
VisualStudioVersion = 17.8.34309.116
MinimumVisualStudioVersion = 10.0.40219.1
Project("{FAE04EC0-301F-11D3-BF4B-00C04F79EFBC}") = "OOPS", "OOPS\OOPS.csproj", "{6D49E840-DBD6-4CC6-AA66-4F67959FA7A5}"
EndProject
Project("{FAE04EC0-301F-11D3-BF4B-00C04F79EFBC}") = "AssemblyOne", "AssemblyOne\AssemblyOne.csproj", "{5AD567D0-AF67-4BD8-B020-E8BE78646282}"
EndProject
Global
	GlobalSection(SolutionConfigurationPlatforms) = preSolution
		Debug|Any CPU = Debug|Any CPU
		Release|Any CPU = Release|Any CPU
	EndGlobalSection
	GlobalSection(ProjectConfigurationPlatforms) = postSolution
		{6D49E840-DBD6-4CC6-AA66-4F67959FA7A5}.Debug|Any CPU.ActiveCfg = Debug|Any CPU
		{6D49E840-DBD6-4CC6-AA66-4F67959FA7A5}.Debug|Any CPU.Build.0 = Debug|Any CPU
		{6D49E840-DBD6-4CC6-AA66-4F67959FA7A5}.Release|Any CPU.ActiveCfg = Release|Any CPU
		{6D49E840-DBD6-4CC6-AA66-4F67959FA7A5}.Release|Any CPU.Build.0 = Release|Any CPU
		{5AD567D0-AF67-4BD8-B020-E8BE78646282}.Debug|Any CPU.ActiveCfg = Debug|Any CPU
		{5AD567D0-AF67-4BD8-B020-E8BE78646282}.Debug|Any CPU.Build.0 = Debug|Any CPU
		{5AD567D0-AF67-4BD8-B020-E8BE78646282}.Release|Any CPU.ActiveCfg = Release|Any CPU
		{5AD567D0-AF67-4BD8-B020-E8BE78646282}.Release|Any CPU.Build.0 = Release|Any CPU
	EndGlobalSection
	GlobalSection(SolutionProperties) = preSolution
		HideSolutionNode = FALSE
	EndGlobalSection
	GlobalSection(ExtensibilityGlobals) = postSolution
		SolutionGuid = {1CB514D1-A0F3-498C-9577-0029DBECD4AE}
	EndGlobalSection
EndGlobal
